github.com/FortAwesome/Font-Awesome v0.0.0-20210316185733-d79d85c3fad8 h1:3h1ZlZmKNqZtiTD6FF7GijnIB/PU9/jR+dclHF80pFE=
github.com/FortAwesome/Font-Awesome v0.0.0-20210316185733-d79d85c3fad8/go.mod h1:IUgezN/MFpCDIlFezw3L8j83oeiIuYoj28Miwr/KUYo=
github.com/hugo-mods/icons v0.0.0-20211204094455-ce8763589b4a h1:ZT9rx0pweU4vmYITDwESn8+0jG2VHTNaWK0zqD+ZknA=
github.com/hugo-mods/icons v0.0.0-20211204094455-ce8763589b4a/go.mod h1:sPodUyqumOYz75PKIwmqOYZXLIcLAujn7V9+1Hk4VW8=
